
Microsoft Visual Studio Solution File, Format Version 12.00
# Visual Studio Version 17
VisualStudioVersion = 17.9.34607.119
MinimumVisualStudioVersion = 10.0.40219.1
Project("{9A19103F-16F7-4668-BE54-9A1E7A4F7556}") = "MealHelper", "MealHelper.csproj", "{3F4ECE5E-DA2D-46D1-9C99-B4AD9005A59E}"
EndProject
Project("{9A19103F-16F7-4668-BE54-9A1E7A4F7556}") = "MealHelperData", "..\MealHelperData\MealHelperData.csproj", "{7D212E19-F7D3-460A-939D-568C8ABA527B}"
EndProject
Global
	GlobalSection(SolutionConfigurationPlatforms) = preSolution
		Debug|Any CPU = Debug|Any CPU
		Release|Any CPU = Release|Any CPU
	EndGlobalSection
	GlobalSection(ProjectConfigurationPlatforms) = postSolution
		{3F4ECE5E-DA2D-46D1-9C99-B4AD9005A59E}.Debug|Any CPU.ActiveCfg = Debug|Any CPU
		{3F4ECE5E-DA2D-46D1-9C99-B4AD9005A59E}.Debug|Any CPU.Build.0 = Debug|Any CPU
		{3F4ECE5E-DA2D-46D1-9C99-B4AD9005A59E}.Release|Any CPU.ActiveCfg = Release|Any CPU
		{3F4ECE5E-DA2D-46D1-9C99-B4AD9005A59E}.Release|Any CPU.Build.0 = Release|Any CPU
		{7D212E19-F7D3-460A-939D-568C8ABA527B}.Debug|Any CPU.ActiveCfg = Debug|Any CPU
		{7D212E19-F7D3-460A-939D-568C8ABA527B}.Debug|Any CPU.Build.0 = Debug|Any CPU
		{7D212E19-F7D3-460A-939D-568C8ABA527B}.Release|Any CPU.ActiveCfg = Release|Any CPU
		{7D212E19-F7D3-460A-939D-568C8ABA527B}.Release|Any CPU.Build.0 = Release|Any CPU
	EndGlobalSection
	GlobalSection(SolutionProperties) = preSolution
		HideSolutionNode = FALSE
	EndGlobalSection
	GlobalSection(ExtensibilityGlobals) = postSolution
		SolutionGuid = {49E1A1F6-F4E3-487D-8F90-BC0538514779}
	EndGlobalSection
EndGlobal
